
Microsoft Visual Studio Solution File, Format Version 12.00
# Visual Studio Version 17
VisualStudioVersion = 17.3.32929.385
MinimumVisualStudioVersion = 10.0.40219.1
Project("{FAE04EC0-301F-11D3-BF4B-00C04F79EFBC}") = "LogicalPrograms", "LogicalPrograms.csproj", "{7C161531-910E-419B-BEAB-B7D2B9C5D07B}"
EndProject
Global
	GlobalSection(SolutionConfigurationPlatforms) = preSolution
		Debug|Any CPU = Debug|Any CPU
		Release|Any CPU = Release|Any CPU
	EndGlobalSection
	GlobalSection(ProjectConfigurationPlatforms) = postSolution
		{7C161531-910E-419B-BEAB-B7D2B9C5D07B}.Debug|Any CPU.ActiveCfg = Debug|Any CPU
		{7C161531-910E-419B-BEAB-B7D2B9C5D07B}.Debug|Any CPU.Build.0 = Debug|Any CPU
		{7C161531-910E-419B-BEAB-B7D2B9C5D07B}.Release|Any CPU.ActiveCfg = Release|Any CPU
		{7C161531-910E-419B-BEAB-B7D2B9C5D07B}.Release|Any CPU.Build.0 = Release|Any CPU
	EndGlobalSection
	GlobalSection(SolutionProperties) = preSolution
		HideSolutionNode = FALSE
	EndGlobalSection
	GlobalSection(ExtensibilityGlobals) = postSolution
		SolutionGuid = {8BC30FCA-E9BD-4AC1-86DD-363FFB26F932}
	EndGlobalSection
EndGlobal
